
Microsoft Visual Studio Solution File, Format Version 12.00
# Visual Studio 15
VisualStudioVersion = 15.0.28307.757
MinimumVisualStudioVersion = 10.0.40219.1
Project("{8BC9CEB8-8B4A-11D0-8D11-00A0C91BC942}") = "Project5", "Project5\Project5.vcxproj", "{7D43B527-ACDE-4090-9A64-78E160837761}"
EndProject
Project("{8BC9CEB8-8B4A-11D0-8D11-00A0C91BC942}") = "Recursion", "Recursion\Recursion.vcxproj", "{0B97F485-17CE-45E5-ADC3-1CBFA147B987}"
EndProject
Project("{8BC9CEB8-8B4A-11D0-8D11-00A0C91BC942}") = "XO", "XO\XO.vcxproj", "{DA857D42-B643-441B-969F-E2199A977D82}"
EndProject
Project("{8BC9CEB8-8B4A-11D0-8D11-00A0C91BC942}") = "Pointers", "Pointers\Pointers.vcxproj", "{B04988AF-FAEB-4227-9C83-8D0241C3A102}"
EndProject
Project("{8BC9CEB8-8B4A-11D0-8D11-00A0C91BC942}") = "RandomNumberOfArguments", "RandomNumberOfArguments\RandomNumberOfArguments.vcxproj", "{FCDA93BB-305A-4318-A78C-8070F162DBB0}"
EndProject
Project("{8BC9CEB8-8B4A-11D0-8D11-00A0C91BC942}") = "TransferParametrs", "TransferParametrs\TransferParametrs.vcxproj", "{3708AAA9-E39D-4C95-8A9D-B8F4A0C72500}"
EndProject
Project("{8BC9CEB8-8B4A-11D0-8D11-00A0C91BC942}") = "references", "references\references.vcxproj", "{1BA5984C-34F3-4C67-A22A-500632D0E1C7}"
EndProject
Global
	GlobalSection(SolutionConfigurationPlatforms) = preSolution
		Debug|x64 = Debug|x64
		Debug|x86 = Debug|x86
		Release|x64 = Release|x64
		Release|x86 = Release|x86
	EndGlobalSection
	GlobalSection(ProjectConfigurationPlatforms) = postSolution
		{7D43B527-ACDE-4090-9A64-78E160837761}.Debug|x64.ActiveCfg = Debug|x64
		{7D43B527-ACDE-4090-9A64-78E160837761}.Debug|x64.Build.0 = Debug|x64
		{7D43B527-ACDE-4090-9A64-78E160837761}.Debug|x86.ActiveCfg = Debug|Win32
		{7D43B527-ACDE-4090-9A64-78E160837761}.Debug|x86.Build.0 = Debug|Win32
		{7D43B527-ACDE-4090-9A64-78E160837761}.Release|x64.ActiveCfg = Release|x64
		{7D43B527-ACDE-4090-9A64-78E160837761}.Release|x64.Build.0 = Release|x64
		{7D43B527-ACDE-4090-9A64-78E160837761}.Release|x86.ActiveCfg = Release|Win32
		{7D43B527-ACDE-4090-9A64-78E160837761}.Release|x86.Build.0 = Release|Win32
		{0B97F485-17CE-45E5-ADC3-1CBFA147B987}.Debug|x64.ActiveCfg = Debug|x64
		{0B97F485-17CE-45E5-ADC3-1CBFA147B987}.Debug|x64.Build.0 = Debug|x64
		{0B97F485-17CE-45E5-ADC3-1CBFA147B987}.Debug|x86.ActiveCfg = Debug|Win32
		{0B97F485-17CE-45E5-ADC3-1CBFA147B987}.Debug|x86.Build.0 = Debug|Win32
		{0B97F485-17CE-45E5-ADC3-1CBFA147B987}.Release|x64.ActiveCfg = Release|x64
		{0B97F485-17CE-45E5-ADC3-1CBFA147B987}.Release|x64.Build.0 = Release|x64
		{0B97F485-17CE-45E5-ADC3-1CBFA147B987}.Release|x86.ActiveCfg = Release|Win32
		{0B97F485-17CE-45E5-ADC3-1CBFA147B987}.Release|x86.Build.0 = Release|Win32
		{DA857D42-B643-441B-969F-E2199A977D82}.Debug|x64.ActiveCfg = Debug|x64
		{DA857D42-B643-441B-969F-E2199A977D82}.Debug|x64.Build.0 = Debug|x64
		{DA857D42-B643-441B-969F-E2199A977D82}.Debug|x86.ActiveCfg = Debug|Win32
		{DA857D42-B643-441B-969F-E2199A977D82}.Debug|x86.Build.0 = Debug|Win32
		{DA857D42-B643-441B-969F-E2199A977D82}.Release|x64.ActiveCfg = Release|x64
		{DA857D42-B643-441B-969F-E2199A977D82}.Release|x64.Build.0 = Release|x64
		{DA857D42-B643-441B-969F-E2199A977D82}.Release|x86.ActiveCfg = Release|Win32
		{DA857D42-B643-441B-969F-E2199A977D82}.Release|x86.Build.0 = Release|Win32
		{B04988AF-FAEB-4227-9C83-8D0241C3A102}.Debug|x64.ActiveCfg = Debug|x64
		{B04988AF-FAEB-4227-9C83-8D0241C3A102}.Debug|x64.Build.0 = Debug|x64
		{B04988AF-FAEB-4227-9C83-8D0241C3A102}.Debug|x86.ActiveCfg = Debug|Win32
		{B04988AF-FAEB-4227-9C83-8D0241C3A102}.Debug|x86.Build.0 = Debug|Win32
		{B04988AF-FAEB-4227-9C83-8D0241C3A102}.Release|x64.ActiveCfg = Release|x64
		{B04988AF-FAEB-4227-9C83-8D0241C3A102}.Release|x64.Build.0 = Release|x64
		{B04988AF-FAEB-4227-9C83-8D0241C3A102}.Release|x86.ActiveCfg = Release|Win32
		{B04988AF-FAEB-4227-9C83-8D0241C3A102}.Release|x86.Build.0 = Release|Win32
		{FCDA93BB-305A-4318-A78C-8070F162DBB0}.Debug|x64.ActiveCfg = Debug|x64
		{FCDA93BB-305A-4318-A78C-8070F162DBB0}.Debug|x64.Build.0 = Debug|x64
		{FCDA93BB-305A-4318-A78C-8070F162DBB0}.Debug|x86.ActiveCfg = Debug|Win32
		{FCDA93BB-305A-4318-A78C-8070F162DBB0}.Debug|x86.Build.0 = Debug|Win32
		{FCDA93BB-305A-4318-A78C-8070F162DBB0}.Release|x64.ActiveCfg = Release|x64
		{FCDA93BB-305A-4318-A78C-8070F162DBB0}.Release|x64.Build.0 = Release|x64
		{FCDA93BB-305A-4318-A78C-8070F162DBB0}.Release|x86.ActiveCfg = Release|Win32
		{FCDA93BB-305A-4318-A78C-8070F162DBB0}.Release|x86.Build.0 = Release|Win32
		{3708AAA9-E39D-4C95-8A9D-B8F4A0C72500}.Debug|x64.ActiveCfg = Debug|x64
		{3708AAA9-E39D-4C95-8A9D-B8F4A0C72500}.Debug|x64.Build.0 = Debug|x64
		{3708AAA9-E39D-4C95-8A9D-B8F4A0C72500}.Debug|x86.ActiveCfg = Debug|Win32
		{3708AAA9-E39D-4C95-8A9D-B8F4A0C72500}.Debug|x86.Build.0 = Debug|Win32
		{3708AAA9-E39D-4C95-8A9D-B8F4A0C72500}.Release|x64.ActiveCfg = Release|x64
		{3708AAA9-E39D-4C95-8A9D-B8F4A0C72500}.Release|x64.Build.0 = Release|x64
		{3708AAA9-E39D-4C95-8A9D-B8F4A0C72500}.Release|x86.ActiveCfg = Release|Win32
		{3708AAA9-E39D-4C95-8A9D-B8F4A0C72500}.Release|x86.Build.0 = Release|Win32
		{1BA5984C-34F3-4C67-A22A-500632D0E1C7}.Debug|x64.ActiveCfg = Debug|x64
		{1BA5984C-34F3-4C67-A22A-500632D0E1C7}.Debug|x64.Build.0 = Debug|x64
		{1BA5984C-34F3-4C67-A22A-500632D0E1C7}.Debug|x86.ActiveCfg = Debug|Win32
		{1BA5984C-34F3-4C67-A22A-500632D0E1C7}.Debug|x86.Build.0 = Debug|Win32
		{1BA5984C-34F3-4C67-A22A-500632D0E1C7}.Release|x64.ActiveCfg = Release|x64
		{1BA5984C-34F3-4C67-A22A-500632D0E1C7}.Release|x64.Build.0 = Release|x64
		{1BA5984C-34F3-4C67-A22A-500632D0E1C7}.Release|x86.ActiveCfg = Release|Win32
		{1BA5984C-34F3-4C67-A22A-500632D0E1C7}.Release|x86.Build.0 = Release|Win32
	EndGlobalSection
	GlobalSection(SolutionProperties) = preSolution
		HideSolutionNode = FALSE
	EndGlobalSection
	GlobalSection(ExtensibilityGlobals) = postSolution
		SolutionGuid = {8477BDED-8ED4-4E73-AB23-EE881979D3D3}
	EndGlobalSection
EndGlobal
